
Microsoft Visual Studio Solution File, Format Version 12.00
# Visual Studio 15
VisualStudioVersion = 15.0.28010.2050
MinimumVisualStudioVersion = 10.0.40219.1
Project("{00D1A9C2-B5F0-4AF3-8072-F6C62B433612}") = "ESFA.DC.ILR1617.DataStore.Database", "ESFA.DC.ILR1617.DataStore.Database\ESFA.DC.ILR1617.DataStore.Database.sqlproj", "{17D3EE9B-55C6-454E-A953-E3ABAFB1F22C}"
EndProject
Global
	GlobalSection(SolutionConfigurationPlatforms) = preSolution
		Debug|Any CPU = Debug|Any CPU
		Release|Any CPU = Release|Any CPU
	EndGlobalSection
	GlobalSection(ProjectConfigurationPlatforms) = postSolution
		{17D3EE9B-55C6-454E-A953-E3ABAFB1F22C}.Debug|Any CPU.ActiveCfg = Debug|Any CPU
		{17D3EE9B-55C6-454E-A953-E3ABAFB1F22C}.Debug|Any CPU.Build.0 = Debug|Any CPU
		{17D3EE9B-55C6-454E-A953-E3ABAFB1F22C}.Debug|Any CPU.Deploy.0 = Debug|Any CPU
		{17D3EE9B-55C6-454E-A953-E3ABAFB1F22C}.Release|Any CPU.ActiveCfg = Release|Any CPU
		{17D3EE9B-55C6-454E-A953-E3ABAFB1F22C}.Release|Any CPU.Build.0 = Release|Any CPU
		{17D3EE9B-55C6-454E-A953-E3ABAFB1F22C}.Release|Any CPU.Deploy.0 = Release|Any CPU
	EndGlobalSection
	GlobalSection(SolutionProperties) = preSolution
		HideSolutionNode = FALSE
	EndGlobalSection
	GlobalSection(ExtensibilityGlobals) = postSolution
		SolutionGuid = {A8A61A81-81CB-4DAB-8DD8-E6A2ADFDDDC9}
	EndGlobalSection
EndGlobal
